lockfileVersion: '9.0'

settings:
  autoInstallPeers: true
  excludeLinksFromLockfile: false

importers:

  .:
    dependencies:
      hono:
        specifier: ^4.6.20
        version: 4.6.20

packages:

  hono@4.6.20:
    resolution: {integrity: sha512-5qfNQeaIptMaJKyoJ6N/q4gIq0DBp2FCRaLNuUI3LlJKL4S37DY/rLL1uAxA4wrPB39tJ3s+f7kgI79O4ScSug==}
    engines: {node: '>=16.9.0'}

snapshots:

  hono@4.6.20: {}
